
Microsoft Visual Studio Solution File, Format Version 12.00
# Visual Studio Version 17
VisualStudioVersion = 17.0.31903.59
MinimumVisualStudioVersion = 10.0.40219.1
Project("{FAE04EC0-301F-11D3-BF4B-00C04F79EFBC}") = "multiplex", "multiplex.csproj", "{B3CC6CB2-7409-4AD1-81A5-C5F57E7585AA}"
EndProject
Global
	GlobalSection(SolutionConfigurationPlatforms) = preSolution
		Debug|Any CPU = Debug|Any CPU
		Release|Any CPU = Release|Any CPU
	EndGlobalSection
	GlobalSection(SolutionProperties) = preSolution
		HideSolutionNode = FALSE
	EndGlobalSection
	GlobalSection(ProjectConfigurationPlatforms) = postSolution
		{B3CC6CB2-7409-4AD1-81A5-C5F57E7585AA}.Debug|Any CPU.ActiveCfg = Debug|Any CPU
		{B3CC6CB2-7409-4AD1-81A5-C5F57E7585AA}.Debug|Any CPU.Build.0 = Debug|Any CPU
		{B3CC6CB2-7409-4AD1-81A5-C5F57E7585AA}.Release|Any CPU.ActiveCfg = Release|Any CPU
		{B3CC6CB2-7409-4AD1-81A5-C5F57E7585AA}.Release|Any CPU.Build.0 = Release|Any CPU
	EndGlobalSection
EndGlobal
